
Microsoft Visual Studio Solution File, Format Version 12.00
# Visual Studio Version 17
VisualStudioVersion = 17.13.35931.197 d17.13
MinimumVisualStudioVersion = 10.0.40219.1
Project("{FAE04EC0-301F-11D3-BF4B-00C04F79EFBC}") = "Pharmacyy", "Pharmacyy\Pharmacyy.csproj", "{F42BFC86-2256-44D7-A375-8267CB975E67}"
EndProject
Global
	GlobalSection(SolutionConfigurationPlatforms) = preSolution
		Debug|Any CPU = Debug|Any CPU
		Release|Any CPU = Release|Any CPU
	EndGlobalSection
	GlobalSection(ProjectConfigurationPlatforms) = postSolution
		{F42BFC86-2256-44D7-A375-8267CB975E67}.Debug|Any CPU.ActiveCfg = Debug|Any CPU
		{F42BFC86-2256-44D7-A375-8267CB975E67}.Debug|Any CPU.Build.0 = Debug|Any CPU
		{F42BFC86-2256-44D7-A375-8267CB975E67}.Release|Any CPU.ActiveCfg = Release|Any CPU
		{F42BFC86-2256-44D7-A375-8267CB975E67}.Release|Any CPU.Build.0 = Release|Any CPU
	EndGlobalSection
	GlobalSection(SolutionProperties) = preSolution
		HideSolutionNode = FALSE
	EndGlobalSection
	GlobalSection(ExtensibilityGlobals) = postSolution
		SolutionGuid = {5D755E3F-7A9D-4E5A-92CC-6F4E2C8D1227}
	EndGlobalSection
EndGlobal
